
Microsoft Visual Studio Solution File, Format Version 12.00
# Visual Studio Version 16
VisualStudioVersion = 16.0.29123.88
MinimumVisualStudioVersion = 10.0.40219.1
Project("{FAE04EC0-301F-11D3-BF4B-00C04F79EFBC}") = "GameOfLife", "GameOfLife\GameOfLife.csproj", "{CE778805-4548-4DA6-86D7-02DE65CCAC6D}"
EndProject
Global
	GlobalSection(SolutionConfigurationPlatforms) = preSolution
		Debug|Any CPU = Debug|Any CPU
		Release|Any CPU = Release|Any CPU
	EndGlobalSection
	GlobalSection(ProjectConfigurationPlatforms) = postSolution
		{CE778805-4548-4DA6-86D7-02DE65CCAC6D}.Debug|Any CPU.ActiveCfg = Debug|Any CPU
		{CE778805-4548-4DA6-86D7-02DE65CCAC6D}.Debug|Any CPU.Build.0 = Debug|Any CPU
		{CE778805-4548-4DA6-86D7-02DE65CCAC6D}.Release|Any CPU.ActiveCfg = Release|Any CPU
		{CE778805-4548-4DA6-86D7-02DE65CCAC6D}.Release|Any CPU.Build.0 = Release|Any CPU
	EndGlobalSection
	GlobalSection(SolutionProperties) = preSolution
		HideSolutionNode = FALSE
	EndGlobalSection
	GlobalSection(ExtensibilityGlobals) = postSolution
		SolutionGuid = {BEC66249-3683-4BAB-ADC7-BAD2CA98AA85}
	EndGlobalSection
EndGlobal
